# This file was autogenerated by Stack.
# You should not edit this file by hand.
# For more information, please see the documentation at:
#   https://docs.haskellstack.org/en/stable/lock_files

packages:
- completed:
    size: 55620
    subdir: qtility
    url: https://github.com/quanterall/qtility/archive/42983c33a3a521eda39a9e8603e567b7fbc905a9.tar.gz
    name: qtility
    version: 0.0.0
    sha256: 5015f6e21b3afcd121802b3a583253b3bca9e28932dee1785368dfc599578b40
    pantry-tree:
      size: 2572
      sha256: 594ceac9fccb27f4026a7b020e099d0ad3723f8599262c211f4f34f6f7ce9ab6
  original:
    subdir: qtility
    url: https://github.com/quanterall/qtility/archive/42983c33a3a521eda39a9e8603e567b7fbc905a9.tar.gz
snapshots:
- completed:
    size: 586069
    url: https://raw.githubusercontent.com/commercialhaskell/stackage-snapshots/master/lts/18/14.yaml
    sha256: 87842ecbaa8ca9cee59a7e6be52369dbed82ed075cb4e0d152614a627e8fd488
  original: lts-18.14
