# This file was autogenerated by Stack.
# You should not edit this file by hand.
# For more information, please see the documentation at:
#   https://docs.haskellstack.org/en/stable/lock_files

packages:
- completed:
    size: 55631
    subdir: qtility
    url: https://github.com/quanterall/qtility/archive/35c57646d5be4c40c1d6b838fccde248f3307ee4.tar.gz
    name: qtility
    version: 0.0.0
    sha256: 00c66c8c58e20fbfffdc62255339db88e65c497218dfe45823cb2fc7aa64067f
    pantry-tree:
      size: 2572
      sha256: f4fe2ec0c3e77451d33dbb4a86a3efe31e2d1fe0a6f5920eb5828adcf01e4706
  original:
    subdir: qtility
    url: https://github.com/quanterall/qtility/archive/35c57646d5be4c40c1d6b838fccde248f3307ee4.tar.gz
snapshots:
- completed:
    size: 586069
    url: https://raw.githubusercontent.com/commercialhaskell/stackage-snapshots/master/lts/18/14.yaml
    sha256: 87842ecbaa8ca9cee59a7e6be52369dbed82ed075cb4e0d152614a627e8fd488
  original: lts-18.14
