# This file was autogenerated by Stack.
# You should not edit this file by hand.
# For more information, please see the documentation at:
#   https://docs.haskellstack.org/en/stable/lock_files

packages:
- completed:
    size: 57892
    subdir: qtility
    url: https://github.com/quanterall/qtility/archive/aac174d0d953a5bd04dc75c80977dc5b0e0939bf.tar.gz
    name: qtility
    version: 1.0.0
    sha256: d230fc3b3e76fbc6e3e962557728d69c7de7112d8e5cf61626db99642f1bb4c8
    pantry-tree:
      size: 1980
      sha256: 78e75bd664c033ecc4643422a2153bd0538ec8d4b85a7e275c7e53c57b56980b
  original:
    subdir: qtility
    url: https://github.com/quanterall/qtility/archive/aac174d0d953a5bd04dc75c80977dc5b0e0939bf.tar.gz
- completed:
    size: 57892
    subdir: qtility-db
    url: https://github.com/quanterall/qtility/archive/aac174d0d953a5bd04dc75c80977dc5b0e0939bf.tar.gz
    name: qtility-db
    version: 0.0.0
    sha256: d230fc3b3e76fbc6e3e962557728d69c7de7112d8e5cf61626db99642f1bb4c8
    pantry-tree:
      size: 624
      sha256: e89c5c2225230ddc647a6dc4259d5aadc35b5b8f8776c79869edbb92e6447843
  original:
    subdir: qtility-db
    url: https://github.com/quanterall/qtility/archive/aac174d0d953a5bd04dc75c80977dc5b0e0939bf.tar.gz
snapshots:
- completed:
    size: 586069
    url: https://raw.githubusercontent.com/commercialhaskell/stackage-snapshots/master/lts/18/14.yaml
    sha256: 87842ecbaa8ca9cee59a7e6be52369dbed82ed075cb4e0d152614a627e8fd488
  original: lts-18.14
